PODS:
  - Flutter (1.0.0)
  - freshchat (0.0.1):
    - Flutter
    - FreshchatSDK
  - FreshchatSDK (2.5.1)
  - path_provider (0.0.1):
    - Flutter

DEPENDENCIES:
  - Flutter (from `.symlinks/flutter/ios`)
  - freshchat (from `.symlinks/plugins/freshchat/ios`)
  - path_provider (from `.symlinks/plugins/path_provider/ios`)

SPEC REPOS:
  https://github.com/cocoapods/specs.git:
    - FreshchatSDK

EXTERNAL SOURCES:
  Flutter:
    :path: ".symlinks/flutter/ios"
  freshchat:
    :path: ".symlinks/plugins/freshchat/ios"
  path_provider:
    :path: ".symlinks/plugins/path_provider/ios"

SPEC CHECKSUMS:
  Flutter: 0e3d915762c693b495b44d77113d4970485de6ec
  freshchat: f7c91315e1cc77595883e1c542f6382fc803738d
  FreshchatSDK: ded74133feff02722215f5f382bb04a87c53c766
  path_provider: f96fff6166a8867510d2c25fdcc346327cc4b259

PODFILE CHECKSUM: 3748a4c4f0ee594789784ad08d07684f97c89f81

COCOAPODS: 1.7.5
